Microsoft Visual Studio Solution File, Format Version 11.00
# Visual Studio 2015
Project("{DA8E1FD9-E96A-C022-5C8B-9073CB7CE8ED}") = "Audealize-EQ", "Audealize-EQ.vcxproj", "{2CD7227C-095B-359B-8328-EE4C436F216B}"
EndProject
Global
	GlobalSection(SolutionConfigurationPlatforms) = preSolution
		Debug|Win32 = Debug|Win32
		Release|Win32 = Release|Win32
	EndGlobalSection
	GlobalSection(ProjectConfigurationPlatforms) = postSolution
		{2CD7227C-095B-359B-8328-EE4C436F216B}.Debug|Win32.ActiveCfg = Debug|Win32
		{2CD7227C-095B-359B-8328-EE4C436F216B}.Debug|Win32.Build.0 = Debug|Win32
		{2CD7227C-095B-359B-8328-EE4C436F216B}.Release|Win32.ActiveCfg = Release|Win32
		{2CD7227C-095B-359B-8328-EE4C436F216B}.Release|Win32.Build.0 = Release|Win32
	EndGlobalSection
	GlobalSection(SolutionProperties) = preSolution
		HideSolutionNode = FALSE
	EndGlobalSection
EndGlobal
