Microsoft Visual Studio Solution File, Format Version 11.00
# Visual Studio 2015
Project("{7E77AA6E-87E3-59CD-1174-6EF40B78EF22}") = "Audealize EQ", "Audealize EQ.vcxproj", "{2CD7227C-095B-359B-8328-EE4C436F216B}"
EndProject
Global
	GlobalSection(SolutionConfigurationPlatforms) = preSolution
		Debug|Win32 = Debug|Win32
		Release|Win32 = Release|Win32
	EndGlobalSection
	GlobalSection(ProjectConfigurationPlatforms) = postSolution
		{2CD7227C-095B-359B-8328-EE4C436F216B}.Debug|Win32.ActiveCfg = Debug|Win32
		{2CD7227C-095B-359B-8328-EE4C436F216B}.Debug|Win32.Build.0 = Debug|Win32
		{2CD7227C-095B-359B-8328-EE4C436F216B}.Release|Win32.ActiveCfg = Release|Win32
		{2CD7227C-095B-359B-8328-EE4C436F216B}.Release|Win32.Build.0 = Release|Win32
	EndGlobalSection
	GlobalSection(SolutionProperties) = preSolution
		HideSolutionNode = FALSE
	EndGlobalSection
EndGlobal
