Microsoft Visual Studio Solution File, Format Version 11.00
# Visual Studio 2015
Project("{8191BA34-CA4D-CC55-4086-CCD060B1ECD0}") = "Audealize-Reverb", "Audealize-Reverb.vcxproj", "{1954874A-220B-B4AD-3409-1D8F0E6EE0B1}"
EndProject
Global
	GlobalSection(SolutionConfigurationPlatforms) = preSolution
		Debug|Win32 = Debug|Win32
		Release|Win32 = Release|Win32
	EndGlobalSection
	GlobalSection(ProjectConfigurationPlatforms) = postSolution
		{1954874A-220B-B4AD-3409-1D8F0E6EE0B1}.Debug|Win32.ActiveCfg = Debug|Win32
		{1954874A-220B-B4AD-3409-1D8F0E6EE0B1}.Debug|Win32.Build.0 = Debug|Win32
		{1954874A-220B-B4AD-3409-1D8F0E6EE0B1}.Release|Win32.ActiveCfg = Release|Win32
		{1954874A-220B-B4AD-3409-1D8F0E6EE0B1}.Release|Win32.Build.0 = Release|Win32
	EndGlobalSection
	GlobalSection(SolutionProperties) = preSolution
		HideSolutionNode = FALSE
	EndGlobalSection
EndGlobal
